// !$*UTF8*$!
{
	archiveVersion = 1;
	classes = {
	};
	objectVersion = 56;
	objects = {

/* Begin PBXBuildFile section */
		074A92D429F88556009F5520 /* GroupApp436App.swift in Sources */ = {isa = PBXBuildFile; fileRef = 074A92D329F88556009F5520 /* GroupApp436App.swift */; };
		074A92D629F88556009F5520 /* ContentView.swift in Sources */ = {isa = PBXBuildFile; fileRef = 074A92D529F88556009F5520 /* ContentView.swift */; };
		074A92D829F88557009F5520 /* Assets.xcassets in Resources */ = {isa = PBXBuildFile; fileRef = 074A92D729F88557009F5520 /* Assets.xcassets */; };
		074A92DC29F88557009F5520 /* Preview Assets.xcassets in Resources */ = {isa = PBXBuildFile; fileRef = 074A92DB29F88557009F5520 /* Preview Assets.xcassets */; };
		074A92E329F885B3009F5520 /* SpotifyConstants.swift in Sources */ = {isa = PBXBuildFile; fileRef = 074A92E229F885B3009F5520 /* SpotifyConstants.swift */; };
		074A92E529F885CE009F5520 /* User.swift in Sources */ = {isa = PBXBuildFile; fileRef = 074A92E429F885CE009F5520 /* User.swift */; };
		074A92E729F885F8009F5520 /* FirestoreManager.swift in Sources */ = {isa = PBXBuildFile; fileRef = 074A92E629F885F8009F5520 /* FirestoreManager.swift */; };
		074A92EC29F88643009F5520 /* Constants.swift in Sources */ = {isa = PBXBuildFile; fileRef = 074A92EB29F88643009F5520 /* Constants.swift */; };
		074A92EE29F8865A009F5520 /* SpotifyAuthManager.swift in Sources */ = {isa = PBXBuildFile; fileRef = 074A92ED29F8865A009F5520 /* SpotifyAuthManager.swift */; };
		074A92F029F8866E009F5520 /* LoginView.swift in Sources */ = {isa = PBXBuildFile; fileRef = 074A92EF29F8866E009F5520 /* LoginView.swift */; };
		074A92F229F88685009F5520 /* UserView.swift in Sources */ = {isa = PBXBuildFile; fileRef = 074A92F129F88685009F5520 /* UserView.swift */; };
		074A92F429F88694009F5520 /* CreateUser.swift in Sources */ = {isa = PBXBuildFile; fileRef = 074A92F329F88694009F5520 /* CreateUser.swift */; };
		074A92F729F886CE009F5520 /* SpotifyiOS.framework in Frameworks */ = {isa = PBXBuildFile; fileRef = 074A92F529F886CE009F5520 /* SpotifyiOS.framework */; };
		074A92F829F886CE009F5520 /* SpotifyiOS.xcframework in Frameworks */ = {isa = PBXBuildFile; fileRef = 074A92F629F886CE009F5520 /* SpotifyiOS.xcframework */; };
		074A92FB29F88729009F5520 /* FirebaseAnalytics in Frameworks */ = {isa = PBXBuildFile; productRef = 074A92FA29F88729009F5520 /* FirebaseAnalytics */; };
		074A92FD29F88729009F5520 /* FirebaseAuth in Frameworks */ = {isa = PBXBuildFile; productRef = 074A92FC29F88729009F5520 /* FirebaseAuth */; };
		074A92FF29F88729009F5520 /* FirebaseDatabase in Frameworks */ = {isa = PBXBuildFile; productRef = 074A92FE29F88729009F5520 /* FirebaseDatabase */; };
		074A930129F88729009F5520 /* FirebaseFirestore in Frameworks */ = {isa = PBXBuildFile; productRef = 074A930029F88729009F5520 /* FirebaseFirestore */; };
		074A930329F88729009F5520 /* FirebaseFirestoreSwift in Frameworks */ = {isa = PBXBuildFile; productRef = 074A930229F88729009F5520 /* FirebaseFirestoreSwift */; };
		074A930529F88729009F5520 /* FirebaseStorage in Frameworks */ = {isa = PBXBuildFile; productRef = 074A930429F88729009F5520 /* FirebaseStorage */; };
		074A930829F888BB009F5520 /* GoogleService-Info.plist in Resources */ = {isa = PBXBuildFile; fileRef = 074A930729F888BB009F5520 /* GoogleService-Info.plist */; };
		074A930A29F8B1AA009F5520 /* Recommendation.swift in Sources */ = {isa = PBXBuildFile; fileRef = 074A930929F8B1AA009F5520 /* Recommendation.swift */; };
		074A930C29F8B8EF009F5520 /* ClosestUsers.swift in Sources */ = {isa = PBXBuildFile; fileRef = 074A930B29F8B8EF009F5520 /* ClosestUsers.swift */; };
/* End PBXBuildFile section */

/* Begin PBXFileReference section */
		074A92D029F88556009F5520 /* GroupApp436.app */ = {isa = PBXFileReference; explicitFileType = wrapper.application; includeInIndex = 0; path = GroupApp436.app; sourceTree = BUILT_PRODUCTS_DIR; };
		074A92D329F88556009F5520 /* GroupApp436App.swift */ = {isa = PBXFileReference; lastKnownFileType = sourcecode.swift; path = GroupApp436App.swift; sourceTree = "<group>"; };
		074A92D529F88556009F5520 /* ContentView.swift */ = {isa = PBXFileReference; lastKnownFileType = sourcecode.swift; path = ContentView.swift; sourceTree = "<group>"; };
		074A92D729F88557009F5520 /* Assets.xcassets */ = {isa = PBXFileReference; lastKnownFileType = folder.assetcatalog; path = Assets.xcassets; sourceTree = "<group>"; };
		074A92D929F88557009F5520 /* GroupApp436.entitlements */ = {isa = PBXFileReference; lastKnownFileType = text.plist.entitlements; path = GroupApp436.entitlements; sourceTree = "<group>"; };
		074A92DB29F88557009F5520 /* Preview Assets.xcassets */ = {isa = PBXFileReference; lastKnownFileType = folder.assetcatalog; path = "Preview Assets.xcassets"; sourceTree = "<group>"; };
		074A92E229F885B3009F5520 /* SpotifyConstants.swift */ = {isa = PBXFileReference; lastKnownFileType = sourcecode.swift; path = SpotifyConstants.swift; sourceTree = "<group>"; };
		074A92E429F885CE009F5520 /* User.swift */ = {isa = PBXFileReference; lastKnownFileType = sourcecode.swift; path = User.swift; sourceTree = "<group>"; };
		074A92E629F885F8009F5520 /* FirestoreManager.swift */ = {isa = PBXFileReference; lastKnownFileType = sourcecode.swift; path = FirestoreManager.swift; sourceTree = "<group>"; };
		074A92E829F88625009F5520 /* GroupApp436-Bridging-Header.h */ = {isa = PBXFileReference; lastKnownFileType = sourcecode.c.h; path = "GroupApp436-Bridging-Header.h"; sourceTree = "<group>"; };
		074A92EB29F88643009F5520 /* Constants.swift */ = {isa = PBXFileReference; lastKnownFileType = sourcecode.swift; path = Constants.swift; sourceTree = "<group>"; };
		074A92ED29F8865A009F5520 /* SpotifyAuthManager.swift */ = {isa = PBXFileReference; lastKnownFileType = sourcecode.swift; path = SpotifyAuthManager.swift; sourceTree = "<group>"; };
		074A92EF29F8866E009F5520 /* LoginView.swift */ = {isa = PBXFileReference; lastKnownFileType = sourcecode.swift; path = LoginView.swift; sourceTree = "<group>"; };
		074A92F129F88685009F5520 /* UserView.swift */ = {isa = PBXFileReference; lastKnownFileType = sourcecode.swift; path = UserView.swift; sourceTree = "<group>"; };
		074A92F329F88694009F5520 /* CreateUser.swift */ = {isa = PBXFileReference; lastKnownFileType = sourcecode.swift; path = CreateUser.swift; sourceTree = "<group>"; };
		074A92F529F886CE009F5520 /* SpotifyiOS.framework */ = {isa = PBXFileReference; lastKnownFileType = wrapper.framework; path = SpotifyiOS.framework; sourceTree = "<group>"; };
		074A92F629F886CE009F5520 /* SpotifyiOS.xcframework */ = {isa = PBXFileReference; lastKnownFileType = wrapper.xcframework; path = SpotifyiOS.xcframework; sourceTree = "<group>"; };
		074A930629F8882C009F5520 /* Info.plist */ = {isa = PBXFileReference; lastKnownFileType = text.plist; path = Info.plist; sourceTree = "<group>"; };
		074A930729F888BB009F5520 /* GoogleService-Info.plist */ = {isa = PBXFileReference; fileEncoding = 4; lastKnownFileType = text.plist.xml; path = "GoogleService-Info.plist"; sourceTree = "<group>"; };
		074A930929F8B1AA009F5520 /* Recommendation.swift */ = {isa = PBXFileReference; lastKnownFileType = sourcecode.swift; path = Recommendation.swift; sourceTree = "<group>"; };
		074A930B29F8B8EF009F5520 /* ClosestUsers.swift */ = {isa = PBXFileReference; lastKnownFileType = sourcecode.swift; path = ClosestUsers.swift; sourceTree = "<group>"; };
/* End PBXFileReference section */

/* Begin PBXFrameworksBuildPhase section */
		074A92CD29F88556009F5520 /* Frameworks */ = {
			isa = PBXFrameworksBuildPhase;
			buildActionMask = 2147483647;
			files = (
				074A92FF29F88729009F5520 /* FirebaseDatabase in Frameworks */,
				074A92F829F886CE009F5520 /* SpotifyiOS.xcframework in Frameworks */,
				074A92F729F886CE009F5520 /* SpotifyiOS.framework in Frameworks */,
				074A930329F88729009F5520 /* FirebaseFirestoreSwift in Frameworks */,
				074A92FB29F88729009F5520 /* FirebaseAnalytics in Frameworks */,
				074A930529F88729009F5520 /* FirebaseStorage in Frameworks */,
				074A92FD29F88729009F5520 /* FirebaseAuth in Frameworks */,
				074A930129F88729009F5520 /* FirebaseFirestore in Frameworks */,
			);
			runOnlyForDeploymentPostprocessing = 0;
		};
/* End PBXFrameworksBuildPhase section */

/* Begin PBXGroup section */
		074A92C729F88556009F5520 = {
			isa = PBXGroup;
			children = (
				074A92D229F88556009F5520 /* GroupApp436 */,
				074A92D129F88556009F5520 /* Products */,
			);
			sourceTree = "<group>";
		};
		074A92D129F88556009F5520 /* Products */ = {
			isa = PBXGroup;
			children = (
				074A92D029F88556009F5520 /* GroupApp436.app */,
			);
			name = Products;
			sourceTree = "<group>";
		};
		074A92D229F88556009F5520 /* GroupApp436 */ = {
			isa = PBXGroup;
			children = (
				074A930729F888BB009F5520 /* GoogleService-Info.plist */,
				074A930629F8882C009F5520 /* Info.plist */,
				074A92F529F886CE009F5520 /* SpotifyiOS.framework */,
				074A92F629F886CE009F5520 /* SpotifyiOS.xcframework */,
				074A92ED29F8865A009F5520 /* SpotifyAuthManager.swift */,
				074A92D329F88556009F5520 /* GroupApp436App.swift */,
				074A92D529F88556009F5520 /* ContentView.swift */,
				074A92D729F88557009F5520 /* Assets.xcassets */,
				074A92D929F88557009F5520 /* GroupApp436.entitlements */,
				074A92DA29F88557009F5520 /* Preview Content */,
				074A92E229F885B3009F5520 /* SpotifyConstants.swift */,
				074A92E429F885CE009F5520 /* User.swift */,
				074A92E629F885F8009F5520 /* FirestoreManager.swift */,
				074A92E829F88625009F5520 /* GroupApp436-Bridging-Header.h */,
				074A92EB29F88643009F5520 /* Constants.swift */,
				074A92EF29F8866E009F5520 /* LoginView.swift */,
				074A92F129F88685009F5520 /* UserView.swift */,
				074A92F329F88694009F5520 /* CreateUser.swift */,
				074A930929F8B1AA009F5520 /* Recommendation.swift */,
				074A930B29F8B8EF009F5520 /* ClosestUsers.swift */,
			);
			path = GroupApp436;
			sourceTree = "<group>";
		};
		074A92DA29F88557009F5520 /* Preview Content */ = {
			isa = PBXGroup;
			children = (
				074A92DB29F88557009F5520 /* Preview Assets.xcassets */,
			);
			path = "Preview Content";
			sourceTree = "<group>";
		};
/* End PBXGroup section */

/* Begin PBXNativeTarget section */
		074A92CF29F88556009F5520 /* GroupApp436 */ = {
			isa = PBXNativeTarget;
			buildConfigurationList = 074A92DF29F88557009F5520 /* Build configuration list for PBXNativeTarget "GroupApp436" */;
			buildPhases = (
				074A92CC29F88556009F5520 /* Sources */,
				074A92CD29F88556009F5520 /* Frameworks */,
				074A92CE29F88556009F5520 /* Resources */,
			);
			buildRules = (
			);
			dependencies = (
			);
			name = GroupApp436;
			packageProductDependencies = (
				074A92FA29F88729009F5520 /* FirebaseAnalytics */,
				074A92FC29F88729009F5520 /* FirebaseAuth */,
				074A92FE29F88729009F5520 /* FirebaseDatabase */,
				074A930029F88729009F5520 /* FirebaseFirestore */,
				074A930229F88729009F5520 /* FirebaseFirestoreSwift */,
				074A930429F88729009F5520 /* FirebaseStorage */,
			);
			productName = GroupApp436;
			productReference = 074A92D029F88556009F5520 /* GroupApp436.app */;
			productType = "com.apple.product-type.application";
		};
/* End PBXNativeTarget section */

/* Begin PBXProject section */
		074A92C829F88556009F5520 /* Project object */ = {
			isa = PBXProject;
			attributes = {
				BuildIndependentTargetsInParallel = 1;
				LastSwiftUpdateCheck = 1430;
				LastUpgradeCheck = 1430;
				TargetAttributes = {
					074A92CF29F88556009F5520 = {
						CreatedOnToolsVersion = 14.3;
						LastSwiftMigration = 1430;
					};
				};
			};
			buildConfigurationList = 074A92CB29F88556009F5520 /* Build configuration list for PBXProject "GroupApp436" */;
			compatibilityVersion = "Xcode 14.0";
			developmentRegion = en;
			hasScannedForEncodings = 0;
			knownRegions = (
				en,
				Base,
			);
			mainGroup = 074A92C729F88556009F5520;
			packageReferences = (
				074A92F929F88729009F5520 /* XCRemoteSwiftPackageReference "firebase-ios-sdk" */,
			);
			productRefGroup = 074A92D129F88556009F5520 /* Products */;
			projectDirPath = "";
			projectRoot = "";
			targets = (
				074A92CF29F88556009F5520 /* GroupApp436 */,
			);
		};
/* End PBXProject section */

/* Begin PBXResourcesBuildPhase section */
		074A92CE29F88556009F5520 /* Resources */ = {
			isa = PBXResourcesBuildPhase;
			buildActionMask = 2147483647;
			files = (
				074A92DC29F88557009F5520 /* Preview Assets.xcassets in Resources */,
				074A92D829F88557009F5520 /* Assets.xcassets in Resources */,
				074A930829F888BB009F5520 /* GoogleService-Info.plist in Resources */,
			);
			runOnlyForDeploymentPostprocessing = 0;
		};
/* End PBXResourcesBuildPhase section */

/* Begin PBXSourcesBuildPhase section */
		074A92CC29F88556009F5520 /* Sources */ = {
			isa = PBXSourcesBuildPhase;
			buildActionMask = 2147483647;
			files = (
				074A92E529F885CE009F5520 /* User.swift in Sources */,
				074A92E729F885F8009F5520 /* FirestoreManager.swift in Sources */,
				074A92EE29F8865A009F5520 /* SpotifyAuthManager.swift in Sources */,
				074A92D629F88556009F5520 /* ContentView.swift in Sources */,
				074A92D429F88556009F5520 /* GroupApp436App.swift in Sources */,
				074A92E329F885B3009F5520 /* SpotifyConstants.swift in Sources */,
				074A930A29F8B1AA009F5520 /* Recommendation.swift in Sources */,
				074A92F029F8866E009F5520 /* LoginView.swift in Sources */,
				074A930C29F8B8EF009F5520 /* ClosestUsers.swift in Sources */,
				074A92F229F88685009F5520 /* UserView.swift in Sources */,
				074A92F429F88694009F5520 /* CreateUser.swift in Sources */,
				074A92EC29F88643009F5520 /* Constants.swift in Sources */,
			);
			runOnlyForDeploymentPostprocessing = 0;
		};
/* End PBXSourcesBuildPhase section */

/* Begin XCBuildConfiguration section */
		074A92DD29F88557009F5520 /* Debug */ = {
			isa = XCBuildConfiguration;
			buildSettings = {
				ALWAYS_SEARCH_USER_PATHS = NO;
				CLANG_ANALYZER_NONNULL = YES;
				CLANG_ANALYZER_NUMBER_OBJECT_CONVERSION = YES_AGGRESSIVE;
				CLANG_CXX_LANGUAGE_STANDARD = "gnu++20";
				CLANG_ENABLE_MODULES = YES;
				CLANG_ENABLE_OBJC_ARC = YES;
				CLANG_ENABLE_OBJC_WEAK = YES;
				CLANG_WARN_BLOCK_CAPTURE_AUTORELEASING = YES;
				CLANG_WARN_BOOL_CONVERSION = YES;
				CLANG_WARN_COMMA = YES;
				CLANG_WARN_CONSTANT_CONVERSION = YES;
				CLANG_WARN_DEPRECATED_OBJC_IMPLEMENTATIONS = YES;
				CLANG_WARN_DIRECT_OBJC_ISA_USAGE = YES_ERROR;
				CLANG_WARN_DOCUMENTATION_COMMENTS = YES;
				CLANG_WARN_EMPTY_BODY = YES;
				CLANG_WARN_ENUM_CONVERSION = YES;
				CLANG_WARN_INFINITE_RECURSION = YES;
				CLANG_WARN_INT_CONVERSION = YES;
				CLANG_WARN_NON_LITERAL_NULL_CONVERSION = YES;
				CLANG_WARN_OBJC_IMPLICIT_RETAIN_SELF = YES;
				CLANG_WARN_OBJC_LITERAL_CONVERSION = YES;
				CLANG_WARN_OBJC_ROOT_CLASS = YES_ERROR;
				CLANG_WARN_QUOTED_INCLUDE_IN_FRAMEWORK_HEADER = YES;
				CLANG_WARN_RANGE_LOOP_ANALYSIS = YES;
				CLANG_WARN_STRICT_PROTOTYPES = YES;
				CLANG_WARN_SUSPICIOUS_MOVE = YES;
				CLANG_WARN_UNGUARDED_AVAILABILITY = YES_AGGRESSIVE;
				CLANG_WARN_UNREACHABLE_CODE = YES;
				CLANG_WARN__DUPLICATE_METHOD_MATCH = YES;
				COPY_PHASE_STRIP = NO;
				DEBUG_INFORMATION_FORMAT = dwarf;
				ENABLE_STRICT_OBJC_MSGSEND = YES;
				ENABLE_TESTABILITY = YES;
				GCC_C_LANGUAGE_STANDARD = gnu11;
				GCC_DYNAMIC_NO_PIC = NO;
				GCC_NO_COMMON_BLOCKS = YES;
				GCC_OPTIMIZATION_LEVEL = 0;
				GCC_PREPROCESSOR_DEFINITIONS = (
					"DEBUG=1",
					"$(inherited)",
				);
				GCC_WARN_64_TO_32_BIT_CONVERSION = YES;
				GCC_WARN_ABOUT_RETURN_TYPE = YES_ERROR;
				GCC_WARN_UNDECLARED_SELECTOR = YES;
				GCC_WARN_UNINITIALIZED_AUTOS = YES_AGGRESSIVE;
				GCC_WARN_UNUSED_FUNCTION = YES;
				GCC_WARN_UNUSED_VARIABLE = YES;
				MTL_ENABLE_DEBUG_INFO = INCLUDE_SOURCE;
				MTL_FAST_MATH = YES;
				ONLY_ACTIVE_ARCH = YES;
				SWIFT_ACTIVE_COMPILATION_CONDITIONS = DEBUG;
				SWIFT_OPTIMIZATION_LEVEL = "-Onone";
			};
			name = Debug;
		};
		074A92DE29F88557009F5520 /* Release */ = {
			isa = XCBuildConfiguration;
			buildSettings = {
				ALWAYS_SEARCH_USER_PATHS = NO;
				CLANG_ANALYZER_NONNULL = YES;
				CLANG_ANALYZER_NUMBER_OBJECT_CONVERSION = YES_AGGRESSIVE;
				CLANG_CXX_LANGUAGE_STANDARD = "gnu++20";
				CLANG_ENABLE_MODULES = YES;
				CLANG_ENABLE_OBJC_ARC = YES;
				CLANG_ENABLE_OBJC_WEAK = YES;
				CLANG_WARN_BLOCK_CAPTURE_AUTORELEASING = YES;
				CLANG_WARN_BOOL_CONVERSION = YES;
				CLANG_WARN_COMMA = YES;
				CLANG_WARN_CONSTANT_CONVERSION = YES;
				CLANG_WARN_DEPRECATED_OBJC_IMPLEMENTATIONS = YES;
				CLANG_WARN_DIRECT_OBJC_ISA_USAGE = YES_ERROR;
				CLANG_WARN_DOCUMENTATION_COMMENTS = YES;
				CLANG_WARN_EMPTY_BODY = YES;
				CLANG_WARN_ENUM_CONVERSION = YES;
				CLANG_WARN_INFINITE_RECURSION = YES;
				CLANG_WARN_INT_CONVERSION = YES;
				CLANG_WARN_NON_LITERAL_NULL_CONVERSION = YES;
				CLANG_WARN_OBJC_IMPLICIT_RETAIN_SELF = YES;
				CLANG_WARN_OBJC_LITERAL_CONVERSION = YES;
				CLANG_WARN_OBJC_ROOT_CLASS = YES_ERROR;
				CLANG_WARN_QUOTED_INCLUDE_IN_FRAMEWORK_HEADER = YES;
				CLANG_WARN_RANGE_LOOP_ANALYSIS = YES;
				CLANG_WARN_STRICT_PROTOTYPES = YES;
				CLANG_WARN_SUSPICIOUS_MOVE = YES;
				CLANG_WARN_UNGUARDED_AVAILABILITY = YES_AGGRESSIVE;
				CLANG_WARN_UNREACHABLE_CODE = YES;
				CLANG_WARN__DUPLICATE_METHOD_MATCH = YES;
				COPY_PHASE_STRIP = NO;
				DEBUG_INFORMATION_FORMAT = "dwarf-with-dsym";
				ENABLE_NS_ASSERTIONS = NO;
				ENABLE_STRICT_OBJC_MSGSEND = YES;
				GCC_C_LANGUAGE_STANDARD = gnu11;
				GCC_NO_COMMON_BLOCKS = YES;
				GCC_WARN_64_TO_32_BIT_CONVERSION = YES;
				GCC_WARN_ABOUT_RETURN_TYPE = YES_ERROR;
				GCC_WARN_UNDECLARED_SELECTOR = YES;
				GCC_WARN_UNINITIALIZED_AUTOS = YES_AGGRESSIVE;
				GCC_WARN_UNUSED_FUNCTION = YES;
				GCC_WARN_UNUSED_VARIABLE = YES;
				MTL_ENABLE_DEBUG_INFO = NO;
				MTL_FAST_MATH = YES;
				SWIFT_COMPILATION_MODE = wholemodule;
				SWIFT_OPTIMIZATION_LEVEL = "-O";
			};
			name = Release;
		};
		074A92E029F88557009F5520 /* Debug */ = {
			isa = XCBuildConfiguration;
			buildSettings = {
				ASSETCATALOG_COMPILER_APPICON_NAME = AppIcon;
				ASSETCATALOG_COMPILER_GLOBAL_ACCENT_COLOR_NAME = AccentColor;
				CLANG_ENABLE_MODULES = YES;
				CODE_SIGN_ENTITLEMENTS = GroupApp436/GroupApp436.entitlements;
				CODE_SIGN_STYLE = Automatic;
				CURRENT_PROJECT_VERSION = 1;
				DEVELOPMENT_ASSET_PATHS = "\"GroupApp436/Preview Content\"";
				ENABLE_PREVIEWS = YES;
				FRAMEWORK_SEARCH_PATHS = (
					"$(inherited)",
					"$(PROJECT_DIR)/GroupApp436",
				);
				GENERATE_INFOPLIST_FILE = YES;
				INFOPLIST_FILE = GroupApp436/Info.plist;
				"INFOPLIST_KEY_UIApplicationSceneManifest_Generation[sdk=iphoneos*]" = YES;
				"INFOPLIST_KEY_UIApplicationSceneManifest_Generation[sdk=iphonesimulator*]" = YES;
				"INFOPLIST_KEY_UIApplicationSupportsIndirectInputEvents[sdk=iphoneos*]" = YES;
				"INFOPLIST_KEY_UIApplicationSupportsIndirectInputEvents[sdk=iphonesimulator*]" = YES;
				"INFOPLIST_KEY_UILaunchScreen_Generation[sdk=iphoneos*]" = YES;
				"INFOPLIST_KEY_UILaunchScreen_Generation[sdk=iphonesimulator*]" = YES;
				"INFOPLIST_KEY_UIStatusBarStyle[sdk=iphoneos*]" = UIStatusBarStyleDefault;
				"INFOPLIST_KEY_UIStatusBarStyle[sdk=iphonesimulator*]" = UIStatusBarStyleDefault;
				INFOPLIST_KEY_UISupportedInterfaceOrientations_iPad = "UIInterfaceOrientationPortrait UIInterfaceOrientationPortraitUpsideDown UIInterfaceOrientationLandscapeLeft UIInterfaceOrientationLandscapeRight";
				INFOPLIST_KEY_UISupportedInterfaceOrientations_iPhone = "UIInterfaceOrientationPortrait UIInterfaceOrientationLandscapeLeft UIInterfaceOrientationLandscapeRight";
				IPHONEOS_DEPLOYMENT_TARGET = 16.4;
				LD_RUNPATH_SEARCH_PATHS = "@executable_path/Frameworks";
				"LD_RUNPATH_SEARCH_PATHS[sdk=macosx*]" = "@executable_path/../Frameworks";
				MACOSX_DEPLOYMENT_TARGET = 13.0;
				MARKETING_VERSION = 1.0;
				PRODUCT_BUNDLE_IDENTIFIER = com.spotifyDatingApp.GroupApp436;
				PRODUCT_NAME = "$(TARGET_NAME)";
				SDKROOT = auto;
				SUPPORTED_PLATFORMS = "iphoneos iphonesimulator macosx";
				SWIFT_EMIT_LOC_STRINGS = YES;
				SWIFT_OBJC_BRIDGING_HEADER = "GroupApp436/GroupApp436-Bridging-Header.h";
				SWIFT_OPTIMIZATION_LEVEL = "-Onone";
				SWIFT_VERSION = 5.0;
				TARGETED_DEVICE_FAMILY = "1,2";
			};
			name = Debug;
		};
		074A92E129F88557009F5520 /* Release */ = {
			isa = XCBuildConfiguration;
			buildSettings = {
				ASSETCATALOG_COMPILER_APPICON_NAME = AppIcon;
				ASSETCATALOG_COMPILER_GLOBAL_ACCENT_COLOR_NAME = AccentColor;
				CLANG_ENABLE_MODULES = YES;
				CODE_SIGN_ENTITLEMENTS = GroupApp436/GroupApp436.entitlements;
				CODE_SIGN_STYLE = Automatic;
				CURRENT_PROJECT_VERSION = 1;
				DEVELOPMENT_ASSET_PATHS = "\"GroupApp436/Preview Content\"";
				ENABLE_PREVIEWS = YES;
				FRAMEWORK_SEARCH_PATHS = (
					"$(inherited)",
					"$(PROJECT_DIR)/GroupApp436",
				);
				GENERATE_INFOPLIST_FILE = YES;
				INFOPLIST_FILE = GroupApp436/Info.plist;
				"INFOPLIST_KEY_UIApplicationSceneManifest_Generation[sdk=iphoneos*]" = YES;
				"INFOPLIST_KEY_UIApplicationSceneManifest_Generation[sdk=iphonesimulator*]" = YES;
				"INFOPLIST_KEY_UIApplicationSupportsIndirectInputEvents[sdk=iphoneos*]" = YES;
				"INFOPLIST_KEY_UIApplicationSupportsIndirectInputEvents[sdk=iphonesimulator*]" = YES;
				"INFOPLIST_KEY_UILaunchScreen_Generation[sdk=iphoneos*]" = YES;
				"INFOPLIST_KEY_UILaunchScreen_Generation[sdk=iphonesimulator*]" = YES;
				"INFOPLIST_KEY_UIStatusBarStyle[sdk=iphoneos*]" = UIStatusBarStyleDefault;
				"INFOPLIST_KEY_UIStatusBarStyle[sdk=iphonesimulator*]" = UIStatusBarStyleDefault;
				INFOPLIST_KEY_UISupportedInterfaceOrientations_iPad = "UIInterfaceOrientationPortrait UIInterfaceOrientationPortraitUpsideDown UIInterfaceOrientationLandscapeLeft UIInterfaceOrientationLandscapeRight";
				INFOPLIST_KEY_UISupportedInterfaceOrientations_iPhone = "UIInterfaceOrientationPortrait UIInterfaceOrientationLandscapeLeft UIInterfaceOrientationLandscapeRight";
				IPHONEOS_DEPLOYMENT_TARGET = 16.4;
				LD_RUNPATH_SEARCH_PATHS = "@executable_path/Frameworks";
				"LD_RUNPATH_SEARCH_PATHS[sdk=macosx*]" = "@executable_path/../Frameworks";
				MACOSX_DEPLOYMENT_TARGET = 13.0;
				MARKETING_VERSION = 1.0;
				PRODUCT_BUNDLE_IDENTIFIER = com.spotifyDatingApp.GroupApp436;
				PRODUCT_NAME = "$(TARGET_NAME)";
				SDKROOT = auto;
				SUPPORTED_PLATFORMS = "iphoneos iphonesimulator macosx";
				SWIFT_EMIT_LOC_STRINGS = YES;
				SWIFT_OBJC_BRIDGING_HEADER = "GroupApp436/GroupApp436-Bridging-Header.h";
				SWIFT_VERSION = 5.0;
				TARGETED_DEVICE_FAMILY = "1,2";
			};
			name = Release;
		};
/* End XCBuildConfiguration section */

/* Begin XCConfigurationList section */
		074A92CB29F88556009F5520 /* Build configuration list for PBXProject "GroupApp436" */ = {
			isa = XCConfigurationList;
			buildConfigurations = (
				074A92DD29F88557009F5520 /* Debug */,
				074A92DE29F88557009F5520 /* Release */,
			);
			defaultConfigurationIsVisible = 0;
			defaultConfigurationName = Release;
		};
		074A92DF29F88557009F5520 /* Build configuration list for PBXNativeTarget "GroupApp436" */ = {
			isa = XCConfigurationList;
			buildConfigurations = (
				074A92E029F88557009F5520 /* Debug */,
				074A92E129F88557009F5520 /* Release */,
			);
			defaultConfigurationIsVisible = 0;
			defaultConfigurationName = Release;
		};
/* End XCConfigurationList section */

/* Begin XCRemoteSwiftPackageReference section */
		074A92F929F88729009F5520 /* XCRemoteSwiftPackageReference "firebase-ios-sdk" */ = {
			isa = XCRemoteSwiftPackageReference;
			repositoryURL = "https://github.com/firebase/firebase-ios-sdk";
			requirement = {
				kind = upToNextMajorVersion;
				minimumVersion = 10.0.0;
			};
		};
/* End XCRemoteSwiftPackageReference section */

/* Begin XCSwiftPackageProductDependency section */
		074A92FA29F88729009F5520 /* FirebaseAnalytics */ = {
			isa = XCSwiftPackageProductDependency;
			package = 074A92F929F88729009F5520 /* XCRemoteSwiftPackageReference "firebase-ios-sdk" */;
			productName = FirebaseAnalytics;
		};
		074A92FC29F88729009F5520 /* FirebaseAuth */ = {
			isa = XCSwiftPackageProductDependency;
			package = 074A92F929F88729009F5520 /* XCRemoteSwiftPackageReference "firebase-ios-sdk" */;
			productName = FirebaseAuth;
		};
		074A92FE29F88729009F5520 /* FirebaseDatabase */ = {
			isa = XCSwiftPackageProductDependency;
			package = 074A92F929F88729009F5520 /* XCRemoteSwiftPackageReference "firebase-ios-sdk" */;
			productName = FirebaseDatabase;
		};
		074A930029F88729009F5520 /* FirebaseFirestore */ = {
			isa = XCSwiftPackageProductDependency;
			package = 074A92F929F88729009F5520 /* XCRemoteSwiftPackageReference "firebase-ios-sdk" */;
			productName = FirebaseFirestore;
		};
		074A930229F88729009F5520 /* FirebaseFirestoreSwift */ = {
			isa = XCSwiftPackageProductDependency;
			package = 074A92F929F88729009F5520 /* XCRemoteSwiftPackageReference "firebase-ios-sdk" */;
			productName = FirebaseFirestoreSwift;
		};
		074A930429F88729009F5520 /* FirebaseStorage */ = {
			isa = XCSwiftPackageProductDependency;
			package = 074A92F929F88729009F5520 /* XCRemoteSwiftPackageReference "firebase-ios-sdk" */;
			productName = FirebaseStorage;
		};
/* End XCSwiftPackageProductDependency section */
	};
	rootObject = 074A92C829F88556009F5520 /* Project object */;
}
